
Microsoft Visual Studio Solution File, Format Version 12.00
# Visual Studio Version 17
VisualStudioVersion = 17.14.36221.1 d17.14
MinimumVisualStudioVersion = 10.0.40219.1
Project("{FAE04EC0-301F-11D3-BF4B-00C04F79EFBC}") = "EFCore All Sessions", "EFCore Sessions Assignments\EFCore All Sessions.csproj", "{03C5B432-C618-406F-8030-480CEBC2C312}"
EndProject
Global
	GlobalSection(SolutionConfigurationPlatforms) = preSolution
		Debug|Any CPU = Debug|Any CPU
		Release|Any CPU = Release|Any CPU
	EndGlobalSection
	GlobalSection(ProjectConfigurationPlatforms) = postSolution
		{03C5B432-C618-406F-8030-480CEBC2C312}.Debug|Any CPU.ActiveCfg = Debug|Any CPU
		{03C5B432-C618-406F-8030-480CEBC2C312}.Debug|Any CPU.Build.0 = Debug|Any CPU
		{03C5B432-C618-406F-8030-480CEBC2C312}.Release|Any CPU.ActiveCfg = Release|Any CPU
		{03C5B432-C618-406F-8030-480CEBC2C312}.Release|Any CPU.Build.0 = Release|Any CPU
	EndGlobalSection
	GlobalSection(SolutionProperties) = preSolution
		HideSolutionNode = FALSE
	EndGlobalSection
	GlobalSection(ExtensibilityGlobals) = postSolution
		SolutionGuid = {848065EF-22A5-4893-ADC3-64355467A3D4}
	EndGlobalSection
EndGlobal
